
Microsoft Visual Studio Solution File, Format Version 12.00
# Visual Studio 14
VisualStudioVersion = 14.0.24720.0
MinimumVisualStudioVersion = 10.0.40219.1
Project("{FAE04EC0-301F-11D3-BF4B-00C04F79EFBC}") = "webblog", "webblog\webblog.csproj", "{CCF921F6-D349-487B-A21B-67F884F9BFDA}"
EndProject
Global
	GlobalSection(SolutionConfigurationPlatforms) = preSolution
		Debug|Any CPU = Debug|Any CPU
		Release|Any CPU = Release|Any CPU
	EndGlobalSection
	GlobalSection(ProjectConfigurationPlatforms) = postSolution
		{CCF921F6-D349-487B-A21B-67F884F9BFDA}.Debug|Any CPU.ActiveCfg = Debug|Any CPU
		{CCF921F6-D349-487B-A21B-67F884F9BFDA}.Debug|Any CPU.Build.0 = Debug|Any CPU
		{CCF921F6-D349-487B-A21B-67F884F9BFDA}.Release|Any CPU.ActiveCfg = Release|Any CPU
		{CCF921F6-D349-487B-A21B-67F884F9BFDA}.Release|Any CPU.Build.0 = Release|Any CPU
	EndGlobalSection
	GlobalSection(SolutionProperties) = preSolution
		HideSolutionNode = FALSE
	EndGlobalSection
EndGlobal
